
Microsoft Visual Studio Solution File, Format Version 12.00
# Visual Studio 15
VisualStudioVersion = 15.0.28010.2003
MinimumVisualStudioVersion = 10.0.40219.1
Project("{FAE04EC0-301F-11D3-BF4B-00C04F79EFBC}") = "exercicio3_lista7", "exercicio3_lista7\exercicio3_lista7.csproj", "{19F5CACE-95A3-42F6-9740-56C73321324B}"
EndProject
Global
	GlobalSection(SolutionConfigurationPlatforms) = preSolution
		Debug|Any CPU = Debug|Any CPU
		Release|Any CPU = Release|Any CPU
	EndGlobalSection
	GlobalSection(ProjectConfigurationPlatforms) = postSolution
		{19F5CACE-95A3-42F6-9740-56C73321324B}.Debug|Any CPU.ActiveCfg = Debug|Any CPU
		{19F5CACE-95A3-42F6-9740-56C73321324B}.Debug|Any CPU.Build.0 = Debug|Any CPU
		{19F5CACE-95A3-42F6-9740-56C73321324B}.Release|Any CPU.ActiveCfg = Release|Any CPU
		{19F5CACE-95A3-42F6-9740-56C73321324B}.Release|Any CPU.Build.0 = Release|Any CPU
	EndGlobalSection
	GlobalSection(SolutionProperties) = preSolution
		HideSolutionNode = FALSE
	EndGlobalSection
	GlobalSection(ExtensibilityGlobals) = postSolution
		SolutionGuid = {E2224D09-549A-4E30-A212-7DCA948669AE}
	EndGlobalSection
EndGlobal
